
Microsoft Visual Studio Solution File, Format Version 12.00
# Visual Studio Version 17
VisualStudioVersion = 17.0.31903.59
MinimumVisualStudioVersion = 10.0.40219.1
Project("{2150E333-8FDC-42A3-9474-1A3956D46DE8}") = "src", "src", "{82A5D047-598C-4CE0-B772-CFEF6FD7161D}"
EndProject
Project("{2150E333-8FDC-42A3-9474-1A3956D46DE8}") = "tests", "tests", "{398D2FEF-7179-4859-8E8D-3F55BC4A7FEB}"
EndProject
Project("{9A19103F-16F7-4668-BE54-9A1E7A4F7556}") = "SportsStore", "src\SportsStore\SportsStore.csproj", "{D14AC63B-E5C5-4BA9-94EE-949415D843FC}"
EndProject
Project("{9A19103F-16F7-4668-BE54-9A1E7A4F7556}") = "SportsStore.Tests", "tests\SportsStore.Tests\SportsStore.Tests.csproj", "{9024AFBE-F75B-4E82-951F-D8CCBE5A1D79}"
EndProject
Project("{9A19103F-16F7-4668-BE54-9A1E7A4F7556}") = "SportsStore.Tests.Core", "tests\SportsStore.Tests.Core\SportsStore.Tests.Core.csproj", "{C2789E44-9750-432D-8765-90C3143F5669}"
EndProject
Global
	GlobalSection(SolutionConfigurationPlatforms) = preSolution
		Debug|Any CPU = Debug|Any CPU
		Release|Any CPU = Release|Any CPU
	EndGlobalSection
	GlobalSection(ProjectConfigurationPlatforms) = postSolution
		{D14AC63B-E5C5-4BA9-94EE-949415D843FC}.Debug|Any CPU.ActiveCfg = Debug|Any CPU
		{D14AC63B-E5C5-4BA9-94EE-949415D843FC}.Debug|Any CPU.Build.0 = Debug|Any CPU
		{D14AC63B-E5C5-4BA9-94EE-949415D843FC}.Release|Any CPU.ActiveCfg = Release|Any CPU
		{D14AC63B-E5C5-4BA9-94EE-949415D843FC}.Release|Any CPU.Build.0 = Release|Any CPU
		{9024AFBE-F75B-4E82-951F-D8CCBE5A1D79}.Debug|Any CPU.ActiveCfg = Debug|Any CPU
		{9024AFBE-F75B-4E82-951F-D8CCBE5A1D79}.Debug|Any CPU.Build.0 = Debug|Any CPU
		{9024AFBE-F75B-4E82-951F-D8CCBE5A1D79}.Release|Any CPU.ActiveCfg = Release|Any CPU
		{9024AFBE-F75B-4E82-951F-D8CCBE5A1D79}.Release|Any CPU.Build.0 = Release|Any CPU
		{C2789E44-9750-432D-8765-90C3143F5669}.Debug|Any CPU.ActiveCfg = Debug|Any CPU
		{C2789E44-9750-432D-8765-90C3143F5669}.Debug|Any CPU.Build.0 = Debug|Any CPU
		{C2789E44-9750-432D-8765-90C3143F5669}.Release|Any CPU.ActiveCfg = Release|Any CPU
		{C2789E44-9750-432D-8765-90C3143F5669}.Release|Any CPU.Build.0 = Release|Any CPU
	EndGlobalSection
	GlobalSection(SolutionProperties) = preSolution
		HideSolutionNode = FALSE
	EndGlobalSection
	GlobalSection(NestedProjects) = preSolution
		{D14AC63B-E5C5-4BA9-94EE-949415D843FC} = {82A5D047-598C-4CE0-B772-CFEF6FD7161D}
		{9024AFBE-F75B-4E82-951F-D8CCBE5A1D79} = {398D2FEF-7179-4859-8E8D-3F55BC4A7FEB}
		{C2789E44-9750-432D-8765-90C3143F5669} = {398D2FEF-7179-4859-8E8D-3F55BC4A7FEB}
	EndGlobalSection
	GlobalSection(ExtensibilityGlobals) = postSolution
		SolutionGuid = {31436BF5-C622-47FD-96B2-42CB8F71287A}
	EndGlobalSection
EndGlobal
